
Microsoft Visual Studio Solution File, Format Version 12.00
# Visual Studio Version 16
VisualStudioVersion = 16.0.33423.256
MinimumVisualStudioVersion = 10.0.40219.1
Project("{FAE04EC0-301F-11D3-BF4B-00C04F79EFBC}") = "TP1_Grupo_Nro_3", "TP1_Grupo_Nro_3\TP1_Grupo_Nro_3.csproj", "{DEF2166B-F0FD-49C3-874B-E45E2B6FA1B1}"
EndProject
Global
	GlobalSection(SolutionConfigurationPlatforms) = preSolution
		Debug|Any CPU = Debug|Any CPU
		Release|Any CPU = Release|Any CPU
	EndGlobalSection
	GlobalSection(ProjectConfigurationPlatforms) = postSolution
		{DEF2166B-F0FD-49C3-874B-E45E2B6FA1B1}.Debug|Any CPU.ActiveCfg = Debug|Any CPU
		{DEF2166B-F0FD-49C3-874B-E45E2B6FA1B1}.Debug|Any CPU.Build.0 = Debug|Any CPU
		{DEF2166B-F0FD-49C3-874B-E45E2B6FA1B1}.Release|Any CPU.ActiveCfg = Release|Any CPU
		{DEF2166B-F0FD-49C3-874B-E45E2B6FA1B1}.Release|Any CPU.Build.0 = Release|Any CPU
	EndGlobalSection
	GlobalSection(SolutionProperties) = preSolution
		HideSolutionNode = FALSE
	EndGlobalSection
	GlobalSection(ExtensibilityGlobals) = postSolution
		SolutionGuid = {85AED647-AB06-4E08-8441-B0EDFB41350C}
	EndGlobalSection
EndGlobal
